// !$*UTF8*$!
{
	archiveVersion = 1;
	classes = {
	};
	objectVersion = 56;
	objects = {

/* Begin PBXBuildFile section */
		652D84312B9200B100AE8CCD /* RouteMapView.swift in Sources */ = {isa = PBXBuildFile; fileRef = 652D84302B9200B100AE8CCD /* RouteMapView.swift */; };
		652D84332B92019B00AE8CCD /* Route.swift in Sources */ = {isa = PBXBuildFile; fileRef = 652D84322B92019B00AE8CCD /* Route.swift */; };
		653CDEE62B909823000D4E8B /* windrider_iosApp.swift in Sources */ = {isa = PBXBuildFile; fileRef = 653CDEE52B909823000D4E8B /* windrider_iosApp.swift */; };
		653CDEEC2B909825000D4E8B /* Assets.xcassets in Resources */ = {isa = PBXBuildFile; fileRef = 653CDEEB2B909825000D4E8B /* Assets.xcassets */; };
		653CDEEF2B909825000D4E8B /* Preview Assets.xcassets in Resources */ = {isa = PBXBuildFile; fileRef = 653CDEEE2B909825000D4E8B /* Preview Assets.xcassets */; };
		653CDEF92B909825000D4E8B /* windrider_iosTests.swift in Sources */ = {isa = PBXBuildFile; fileRef = 653CDEF82B909825000D4E8B /* windrider_iosTests.swift */; };
		653CDF032B909825000D4E8B /* windrider_iosUITests.swift in Sources */ = {isa = PBXBuildFile; fileRef = 653CDF022B909825000D4E8B /* windrider_iosUITests.swift */; };
		653CDF052B909825000D4E8B /* windrider_iosUITestsLaunchTests.swift in Sources */ = {isa = PBXBuildFile; fileRef = 653CDF042B909825000D4E8B /* windrider_iosUITestsLaunchTests.swift */; };
		655D4EAD2B90BAC5008B6B2B /* MapView.swift in Sources */ = {isa = PBXBuildFile; fileRef = 655D4EAC2B90BAC5008B6B2B /* MapView.swift */; };
		655D4EAF2B90C072008B6B2B /* ConditionPreviewView.swift in Sources */ = {isa = PBXBuildFile; fileRef = 655D4EAE2B90C072008B6B2B /* ConditionPreviewView.swift */; };
		655D4EB12B90C250008B6B2B /* WindCondition.swift in Sources */ = {isa = PBXBuildFile; fileRef = 655D4EB02B90C250008B6B2B /* WindCondition.swift */; };
		655D4EB32B90C4BD008B6B2B /* ContentView.swift in Sources */ = {isa = PBXBuildFile; fileRef = 655D4EB22B90C4BD008B6B2B /* ContentView.swift */; };
/* End PBXBuildFile section */

/* Begin PBXContainerItemProxy section */
		653CDEF52B909825000D4E8B /* PBXContainerItemProxy */ = {
			isa = PBXContainerItemProxy;
			containerPortal = 653CDEDA2B909823000D4E8B /* Project object */;
			proxyType = 1;
			remoteGlobalIDString = 653CDEE12B909823000D4E8B;
			remoteInfo = "windrider-ios";
		};
		653CDEFF2B909825000D4E8B /* PBXContainerItemProxy */ = {
			isa = PBXContainerItemProxy;
			containerPortal = 653CDEDA2B909823000D4E8B /* Project object */;
			proxyType = 1;
			remoteGlobalIDString = 653CDEE12B909823000D4E8B;
			remoteInfo = "windrider-ios";
		};
/* End PBXContainerItemProxy section */

/* Begin PBXFileReference section */
		652D84302B9200B100AE8CCD /* RouteMapView.swift */ = {isa = PBXFileReference; lastKnownFileType = sourcecode.swift; path = RouteMapView.swift; sourceTree = "<group>"; };
		652D84322B92019B00AE8CCD /* Route.swift */ = {isa = PBXFileReference; lastKnownFileType = sourcecode.swift; path = Route.swift; sourceTree = "<group>"; };
		653CDEE22B909823000D4E8B /* windrider-ios.app */ = {isa = PBXFileReference; explicitFileType = wrapper.application; includeInIndex = 0; path = "windrider-ios.app"; sourceTree = BUILT_PRODUCTS_DIR; };
		653CDEE52B909823000D4E8B /* windrider_iosApp.swift */ = {isa = PBXFileReference; lastKnownFileType = sourcecode.swift; path = windrider_iosApp.swift; sourceTree = "<group>"; };
		653CDEEB2B909825000D4E8B /* Assets.xcassets */ = {isa = PBXFileReference; lastKnownFileType = folder.assetcatalog; path = Assets.xcassets; sourceTree = "<group>"; };
		653CDEEE2B909825000D4E8B /* Preview Assets.xcassets */ = {isa = PBXFileReference; lastKnownFileType = folder.assetcatalog; path = "Preview Assets.xcassets"; sourceTree = "<group>"; };
		653CDEF42B909825000D4E8B /* windrider-iosTests.xctest */ = {isa = PBXFileReference; explicitFileType = wrapper.cfbundle; includeInIndex = 0; path = "windrider-iosTests.xctest"; sourceTree = BUILT_PRODUCTS_DIR; };
		653CDEF82B909825000D4E8B /* windrider_iosTests.swift */ = {isa = PBXFileReference; lastKnownFileType = sourcecode.swift; path = windrider_iosTests.swift; sourceTree = "<group>"; };
		653CDEFE2B909825000D4E8B /* windrider-iosUITests.xctest */ = {isa = PBXFileReference; explicitFileType = wrapper.cfbundle; includeInIndex = 0; path = "windrider-iosUITests.xctest"; sourceTree = BUILT_PRODUCTS_DIR; };
		653CDF022B909825000D4E8B /* windrider_iosUITests.swift */ = {isa = PBXFileReference; lastKnownFileType = sourcecode.swift; path = windrider_iosUITests.swift; sourceTree = "<group>"; };
		653CDF042B909825000D4E8B /* windrider_iosUITestsLaunchTests.swift */ = {isa = PBXFileReference; lastKnownFileType = sourcecode.swift; path = windrider_iosUITestsLaunchTests.swift; sourceTree = "<group>"; };
		655D4EAC2B90BAC5008B6B2B /* MapView.swift */ = {isa = PBXFileReference; lastKnownFileType = sourcecode.swift; path = MapView.swift; sourceTree = "<group>"; };
		655D4EAE2B90C072008B6B2B /* ConditionPreviewView.swift */ = {isa = PBXFileReference; lastKnownFileType = sourcecode.swift; path = ConditionPreviewView.swift; sourceTree = "<group>"; };
		655D4EB02B90C250008B6B2B /* WindCondition.swift */ = {isa = PBXFileReference; lastKnownFileType = sourcecode.swift; path = WindCondition.swift; sourceTree = "<group>"; };
		655D4EB22B90C4BD008B6B2B /* ContentView.swift */ = {isa = PBXFileReference; lastKnownFileType = sourcecode.swift; path = ContentView.swift; sourceTree = "<group>"; };
/* End PBXFileReference section */

/* Begin PBXFrameworksBuildPhase section */
		653CDEDF2B909823000D4E8B /* Frameworks */ = {
			isa = PBXFrameworksBuildPhase;
			buildActionMask = 2147483647;
			files = (
			);
			runOnlyForDeploymentPostprocessing = 0;
		};
		653CDEF12B909825000D4E8B /* Frameworks */ = {
			isa = PBXFrameworksBuildPhase;
			buildActionMask = 2147483647;
			files = (
			);
			runOnlyForDeploymentPostprocessing = 0;
		};
		653CDEFB2B909825000D4E8B /* Frameworks */ = {
			isa = PBXFrameworksBuildPhase;
			buildActionMask = 2147483647;
			files = (
			);
			runOnlyForDeploymentPostprocessing = 0;
		};
/* End PBXFrameworksBuildPhase section */

/* Begin PBXGroup section */
		653CDED92B909823000D4E8B = {
			isa = PBXGroup;
			children = (
				653CDEE42B909823000D4E8B /* windrider-ios */,
				653CDEF72B909825000D4E8B /* windrider-iosTests */,
				653CDF012B909825000D4E8B /* windrider-iosUITests */,
				653CDEE32B909823000D4E8B /* Products */,
			);
			sourceTree = "<group>";
		};
		653CDEE32B909823000D4E8B /* Products */ = {
			isa = PBXGroup;
			children = (
				653CDEE22B909823000D4E8B /* windrider-ios.app */,
				653CDEF42B909825000D4E8B /* windrider-iosTests.xctest */,
				653CDEFE2B909825000D4E8B /* windrider-iosUITests.xctest */,
			);
			name = Products;
			sourceTree = "<group>";
		};
		653CDEE42B909823000D4E8B /* windrider-ios */ = {
			isa = PBXGroup;
			children = (
				653CDEE52B909823000D4E8B /* windrider_iosApp.swift */,
				655D4EAC2B90BAC5008B6B2B /* MapView.swift */,
				655D4EAE2B90C072008B6B2B /* ConditionPreviewView.swift */,
				655D4EB02B90C250008B6B2B /* WindCondition.swift */,
				655D4EB22B90C4BD008B6B2B /* ContentView.swift */,
				652D84302B9200B100AE8CCD /* RouteMapView.swift */,
				652D84322B92019B00AE8CCD /* Route.swift */,
				653CDEEB2B909825000D4E8B /* Assets.xcassets */,
				653CDEED2B909825000D4E8B /* Preview Content */,
			);
			path = "windrider-ios";
			sourceTree = "<group>";
		};
		653CDEED2B909825000D4E8B /* Preview Content */ = {
			isa = PBXGroup;
			children = (
				653CDEEE2B909825000D4E8B /* Preview Assets.xcassets */,
			);
			path = "Preview Content";
			sourceTree = "<group>";
		};
		653CDEF72B909825000D4E8B /* windrider-iosTests */ = {
			isa = PBXGroup;
			children = (
				653CDEF82B909825000D4E8B /* windrider_iosTests.swift */,
			);
			path = "windrider-iosTests";
			sourceTree = "<group>";
		};
		653CDF012B909825000D4E8B /* windrider-iosUITests */ = {
			isa = PBXGroup;
			children = (
				653CDF022B909825000D4E8B /* windrider_iosUITests.swift */,
				653CDF042B909825000D4E8B /* windrider_iosUITestsLaunchTests.swift */,
			);
			path = "windrider-iosUITests";
			sourceTree = "<group>";
		};
/* End PBXGroup section */

/* Begin PBXNativeTarget section */
		653CDEE12B909823000D4E8B /* windrider-ios */ = {
			isa = PBXNativeTarget;
			buildConfigurationList = 653CDF082B909825000D4E8B /* Build configuration list for PBXNativeTarget "windrider-ios" */;
			buildPhases = (
				653CDEDE2B909823000D4E8B /* Sources */,
				653CDEDF2B909823000D4E8B /* Frameworks */,
				653CDEE02B909823000D4E8B /* Resources */,
			);
			buildRules = (
			);
			dependencies = (
			);
			name = "windrider-ios";
			productName = "windrider-ios";
			productReference = 653CDEE22B909823000D4E8B /* windrider-ios.app */;
			productType = "com.apple.product-type.application";
		};
		653CDEF32B909825000D4E8B /* windrider-iosTests */ = {
			isa = PBXNativeTarget;
			buildConfigurationList = 653CDF0B2B909825000D4E8B /* Build configuration list for PBXNativeTarget "windrider-iosTests" */;
			buildPhases = (
				653CDEF02B909825000D4E8B /* Sources */,
				653CDEF12B909825000D4E8B /* Frameworks */,
				653CDEF22B909825000D4E8B /* Resources */,
			);
			buildRules = (
			);
			dependencies = (
				653CDEF62B909825000D4E8B /* PBXTargetDependency */,
			);
			name = "windrider-iosTests";
			productName = "windrider-iosTests";
			productReference = 653CDEF42B909825000D4E8B /* windrider-iosTests.xctest */;
			productType = "com.apple.product-type.bundle.unit-test";
		};
		653CDEFD2B909825000D4E8B /* windrider-iosUITests */ = {
			isa = PBXNativeTarget;
			buildConfigurationList = 653CDF0E2B909825000D4E8B /* Build configuration list for PBXNativeTarget "windrider-iosUITests" */;
			buildPhases = (
				653CDEFA2B909825000D4E8B /* Sources */,
				653CDEFB2B909825000D4E8B /* Frameworks */,
				653CDEFC2B909825000D4E8B /* Resources */,
			);
			buildRules = (
			);
			dependencies = (
				653CDF002B909825000D4E8B /* PBXTargetDependency */,
			);
			name = "windrider-iosUITests";
			productName = "windrider-iosUITests";
			productReference = 653CDEFE2B909825000D4E8B /* windrider-iosUITests.xctest */;
			productType = "com.apple.product-type.bundle.ui-testing";
		};
/* End PBXNativeTarget section */

/* Begin PBXProject section */
		653CDEDA2B909823000D4E8B /* Project object */ = {
			isa = PBXProject;
			attributes = {
				BuildIndependentTargetsInParallel = 1;
				LastSwiftUpdateCheck = 1520;
				LastUpgradeCheck = 1520;
				TargetAttributes = {
					653CDEE12B909823000D4E8B = {
						CreatedOnToolsVersion = 15.2;
					};
					653CDEF32B909825000D4E8B = {
						CreatedOnToolsVersion = 15.2;
						TestTargetID = 653CDEE12B909823000D4E8B;
					};
					653CDEFD2B909825000D4E8B = {
						CreatedOnToolsVersion = 15.2;
						TestTargetID = 653CDEE12B909823000D4E8B;
					};
				};
			};
			buildConfigurationList = 653CDEDD2B909823000D4E8B /* Build configuration list for PBXProject "windrider-ios" */;
			compatibilityVersion = "Xcode 14.0";
			developmentRegion = en;
			hasScannedForEncodings = 0;
			knownRegions = (
				en,
				Base,
			);
			mainGroup = 653CDED92B909823000D4E8B;
			productRefGroup = 653CDEE32B909823000D4E8B /* Products */;
			projectDirPath = "";
			projectRoot = "";
			targets = (
				653CDEE12B909823000D4E8B /* windrider-ios */,
				653CDEF32B909825000D4E8B /* windrider-iosTests */,
				653CDEFD2B909825000D4E8B /* windrider-iosUITests */,
			);
		};
/* End PBXProject section */

/* Begin PBXResourcesBuildPhase section */
		653CDEE02B909823000D4E8B /* Resources */ = {
			isa = PBXResourcesBuildPhase;
			buildActionMask = 2147483647;
			files = (
				653CDEEF2B909825000D4E8B /* Preview Assets.xcassets in Resources */,
				653CDEEC2B909825000D4E8B /* Assets.xcassets in Resources */,
			);
			runOnlyForDeploymentPostprocessing = 0;
		};
		653CDEF22B909825000D4E8B /* Resources */ = {
			isa = PBXResourcesBuildPhase;
			buildActionMask = 2147483647;
			files = (
			);
			runOnlyForDeploymentPostprocessing = 0;
		};
		653CDEFC2B909825000D4E8B /* Resources */ = {
			isa = PBXResourcesBuildPhase;
			buildActionMask = 2147483647;
			files = (
			);
			runOnlyForDeploymentPostprocessing = 0;
		};
/* End PBXResourcesBuildPhase section */

/* Begin PBXSourcesBuildPhase section */
		653CDEDE2B909823000D4E8B /* Sources */ = {
			isa = PBXSourcesBuildPhase;
			buildActionMask = 2147483647;
			files = (
				655D4EAD2B90BAC5008B6B2B /* MapView.swift in Sources */,
				655D4EB32B90C4BD008B6B2B /* ContentView.swift in Sources */,
				653CDEE62B909823000D4E8B /* windrider_iosApp.swift in Sources */,
				652D84332B92019B00AE8CCD /* Route.swift in Sources */,
				652D84312B9200B100AE8CCD /* RouteMapView.swift in Sources */,
				655D4EAF2B90C072008B6B2B /* ConditionPreviewView.swift in Sources */,
				655D4EB12B90C250008B6B2B /* WindCondition.swift in Sources */,
			);
			runOnlyForDeploymentPostprocessing = 0;
		};
		653CDEF02B909825000D4E8B /* Sources */ = {
			isa = PBXSourcesBuildPhase;
			buildActionMask = 2147483647;
			files = (
				653CDEF92B909825000D4E8B /* windrider_iosTests.swift in Sources */,
			);
			runOnlyForDeploymentPostprocessing = 0;
		};
		653CDEFA2B909825000D4E8B /* Sources */ = {
			isa = PBXSourcesBuildPhase;
			buildActionMask = 2147483647;
			files = (
				653CDF032B909825000D4E8B /* windrider_iosUITests.swift in Sources */,
				653CDF052B909825000D4E8B /* windrider_iosUITestsLaunchTests.swift in Sources */,
			);
			runOnlyForDeploymentPostprocessing = 0;
		};
/* End PBXSourcesBuildPhase section */

/* Begin PBXTargetDependency section */
		653CDEF62B909825000D4E8B /* PBXTargetDependency */ = {
			isa = PBXTargetDependency;
			target = 653CDEE12B909823000D4E8B /* windrider-ios */;
			targetProxy = 653CDEF52B909825000D4E8B /* PBXContainerItemProxy */;
		};
		653CDF002B909825000D4E8B /* PBXTargetDependency */ = {
			isa = PBXTargetDependency;
			target = 653CDEE12B909823000D4E8B /* windrider-ios */;
			targetProxy = 653CDEFF2B909825000D4E8B /* PBXContainerItemProxy */;
		};
/* End PBXTargetDependency section */

/* Begin XCBuildConfiguration section */
		653CDF062B909825000D4E8B /* Debug */ = {
			isa = XCBuildConfiguration;
			buildSettings = {
				ALWAYS_SEARCH_USER_PATHS = NO;
				ASSETCATALOG_COMPILER_GENERATE_SWIFT_ASSET_SYMBOL_EXTENSIONS = YES;
				CLANG_ANALYZER_NONNULL = YES;
				CLANG_ANALYZER_NUMBER_OBJECT_CONVERSION = YES_AGGRESSIVE;
				CLANG_CXX_LANGUAGE_STANDARD = "gnu++20";
				CLANG_ENABLE_MODULES = YES;
				CLANG_ENABLE_OBJC_ARC = YES;
				CLANG_ENABLE_OBJC_WEAK = YES;
				CLANG_WARN_BLOCK_CAPTURE_AUTORELEASING = YES;
				CLANG_WARN_BOOL_CONVERSION = YES;
				CLANG_WARN_COMMA = YES;
				CLANG_WARN_CONSTANT_CONVERSION = YES;
				CLANG_WARN_DEPRECATED_OBJC_IMPLEMENTATIONS = YES;
				CLANG_WARN_DIRECT_OBJC_ISA_USAGE = YES_ERROR;
				CLANG_WARN_DOCUMENTATION_COMMENTS = YES;
				CLANG_WARN_EMPTY_BODY = YES;
				CLANG_WARN_ENUM_CONVERSION = YES;
				CLANG_WARN_INFINITE_RECURSION = YES;
				CLANG_WARN_INT_CONVERSION = YES;
				CLANG_WARN_NON_LITERAL_NULL_CONVERSION = YES;
				CLANG_WARN_OBJC_IMPLICIT_RETAIN_SELF = YES;
				CLANG_WARN_OBJC_LITERAL_CONVERSION = YES;
				CLANG_WARN_OBJC_ROOT_CLASS = YES_ERROR;
				CLANG_WARN_QUOTED_INCLUDE_IN_FRAMEWORK_HEADER = YES;
				CLANG_WARN_RANGE_LOOP_ANALYSIS = YES;
				CLANG_WARN_STRICT_PROTOTYPES = YES;
				CLANG_WARN_SUSPICIOUS_MOVE = YES;
				CLANG_WARN_UNGUARDED_AVAILABILITY = YES_AGGRESSIVE;
				CLANG_WARN_UNREACHABLE_CODE = YES;
				CLANG_WARN__DUPLICATE_METHOD_MATCH = YES;
				COPY_PHASE_STRIP = NO;
				DEBUG_INFORMATION_FORMAT = dwarf;
				ENABLE_STRICT_OBJC_MSGSEND = YES;
				ENABLE_TESTABILITY = YES;
				ENABLE_USER_SCRIPT_SANDBOXING = YES;
				GCC_C_LANGUAGE_STANDARD = gnu17;
				GCC_DYNAMIC_NO_PIC = NO;
				GCC_NO_COMMON_BLOCKS = YES;
				GCC_OPTIMIZATION_LEVEL = 0;
				GCC_PREPROCESSOR_DEFINITIONS = (
					"DEBUG=1",
					"$(inherited)",
				);
				GCC_WARN_64_TO_32_BIT_CONVERSION = YES;
				GCC_WARN_ABOUT_RETURN_TYPE = YES_ERROR;
				GCC_WARN_UNDECLARED_SELECTOR = YES;
				GCC_WARN_UNINITIALIZED_AUTOS = YES_AGGRESSIVE;
				GCC_WARN_UNUSED_FUNCTION = YES;
				GCC_WARN_UNUSED_VARIABLE = YES;
				IPHONEOS_DEPLOYMENT_TARGET = 17.2;
				LOCALIZATION_PREFERS_STRING_CATALOGS = YES;
				MTL_ENABLE_DEBUG_INFO = INCLUDE_SOURCE;
				MTL_FAST_MATH = YES;
				ONLY_ACTIVE_ARCH = YES;
				SDKROOT = iphoneos;
				SWIFT_ACTIVE_COMPILATION_CONDITIONS = "DEBUG $(inherited)";
				SWIFT_OPTIMIZATION_LEVEL = "-Onone";
			};
			name = Debug;
		};
		653CDF072B909825000D4E8B /* Release */ = {
			isa = XCBuildConfiguration;
			buildSettings = {
				ALWAYS_SEARCH_USER_PATHS = NO;
				ASSETCATALOG_COMPILER_GENERATE_SWIFT_ASSET_SYMBOL_EXTENSIONS = YES;
				CLANG_ANALYZER_NONNULL = YES;
				CLANG_ANALYZER_NUMBER_OBJECT_CONVERSION = YES_AGGRESSIVE;
				CLANG_CXX_LANGUAGE_STANDARD = "gnu++20";
				CLANG_ENABLE_MODULES = YES;
				CLANG_ENABLE_OBJC_ARC = YES;
				CLANG_ENABLE_OBJC_WEAK = YES;
				CLANG_WARN_BLOCK_CAPTURE_AUTORELEASING = YES;
				CLANG_WARN_BOOL_CONVERSION = YES;
				CLANG_WARN_COMMA = YES;
				CLANG_WARN_CONSTANT_CONVERSION = YES;
				CLANG_WARN_DEPRECATED_OBJC_IMPLEMENTATIONS = YES;
				CLANG_WARN_DIRECT_OBJC_ISA_USAGE = YES_ERROR;
				CLANG_WARN_DOCUMENTATION_COMMENTS = YES;
				CLANG_WARN_EMPTY_BODY = YES;
				CLANG_WARN_ENUM_CONVERSION = YES;
				CLANG_WARN_INFINITE_RECURSION = YES;
				CLANG_WARN_INT_CONVERSION = YES;
				CLANG_WARN_NON_LITERAL_NULL_CONVERSION = YES;
				CLANG_WARN_OBJC_IMPLICIT_RETAIN_SELF = YES;
				CLANG_WARN_OBJC_LITERAL_CONVERSION = YES;
				CLANG_WARN_OBJC_ROOT_CLASS = YES_ERROR;
				CLANG_WARN_QUOTED_INCLUDE_IN_FRAMEWORK_HEADER = YES;
				CLANG_WARN_RANGE_LOOP_ANALYSIS = YES;
				CLANG_WARN_STRICT_PROTOTYPES = YES;
				CLANG_WARN_SUSPICIOUS_MOVE = YES;
				CLANG_WARN_UNGUARDED_AVAILABILITY = YES_AGGRESSIVE;
				CLANG_WARN_UNREACHABLE_CODE = YES;
				CLANG_WARN__DUPLICATE_METHOD_MATCH = YES;
				COPY_PHASE_STRIP = NO;
				DEBUG_INFORMATION_FORMAT = "dwarf-with-dsym";
				ENABLE_NS_ASSERTIONS = NO;
				ENABLE_STRICT_OBJC_MSGSEND = YES;
				ENABLE_USER_SCRIPT_SANDBOXING = YES;
				GCC_C_LANGUAGE_STANDARD = gnu17;
				GCC_NO_COMMON_BLOCKS = YES;
				GCC_WARN_64_TO_32_BIT_CONVERSION = YES;
				GCC_WARN_ABOUT_RETURN_TYPE = YES_ERROR;
				GCC_WARN_UNDECLARED_SELECTOR = YES;
				GCC_WARN_UNINITIALIZED_AUTOS = YES_AGGRESSIVE;
				GCC_WARN_UNUSED_FUNCTION = YES;
				GCC_WARN_UNUSED_VARIABLE = YES;
				IPHONEOS_DEPLOYMENT_TARGET = 17.2;
				LOCALIZATION_PREFERS_STRING_CATALOGS = YES;
				MTL_ENABLE_DEBUG_INFO = NO;
				MTL_FAST_MATH = YES;
				SDKROOT = iphoneos;
				SWIFT_COMPILATION_MODE = wholemodule;
				VALIDATE_PRODUCT = YES;
			};
			name = Release;
		};
		653CDF092B909825000D4E8B /* Debug */ = {
			isa = XCBuildConfiguration;
			buildSettings = {
				ASSETCATALOG_COMPILER_APPICON_NAME = AppIcon;
				ASSETCATALOG_COMPILER_GLOBAL_ACCENT_COLOR_NAME = AccentColor;
				CODE_SIGN_STYLE = Automatic;
				CURRENT_PROJECT_VERSION = 1;
				DEVELOPMENT_ASSET_PATHS = "\"windrider-ios/Preview Content\"";
				DEVELOPMENT_TEAM = 9USJYK4Z54;
				ENABLE_PREVIEWS = YES;
				GENERATE_INFOPLIST_FILE = YES;
				INFOPLIST_KEY_CFBundleDisplayName = WindRider;
				INFOPLIST_KEY_LSApplicationCategoryType = "public.app-category.weather";
				INFOPLIST_KEY_UIApplicationSceneManifest_Generation = YES;
				INFOPLIST_KEY_UIApplicationSupportsIndirectInputEvents = YES;
				INFOPLIST_KEY_UILaunchScreen_Generation = YES;
				INFOPLIST_KEY_UIStatusBarStyle = "";
				INFOPLIST_KEY_UISupportedInterfaceOrientations_iPad = "UIInterfaceOrientationPortrait UIInterfaceOrientationPortraitUpsideDown UIInterfaceOrientationLandscapeLeft UIInterfaceOrientationLandscapeRight";
				INFOPLIST_KEY_UISupportedInterfaceOrientations_iPhone = "UIInterfaceOrientationPortrait UIInterfaceOrientationLandscapeLeft UIInterfaceOrientationLandscapeRight";
				LD_RUNPATH_SEARCH_PATHS = (
					"$(inherited)",
					"@executable_path/Frameworks",
				);
				MARKETING_VERSION = 1.0;
				PRODUCT_BUNDLE_IDENTIFIER = "Daiigr.windrider-ios";
				PRODUCT_NAME = "$(TARGET_NAME)";
				SWIFT_EMIT_LOC_STRINGS = YES;
				SWIFT_VERSION = 5.0;
				TARGETED_DEVICE_FAMILY = "1,2";
			};
			name = Debug;
		};
		653CDF0A2B909825000D4E8B /* Release */ = {
			isa = XCBuildConfiguration;
			buildSettings = {
				ASSETCATALOG_COMPILER_APPICON_NAME = AppIcon;
				ASSETCATALOG_COMPILER_GLOBAL_ACCENT_COLOR_NAME = AccentColor;
				CODE_SIGN_STYLE = Automatic;
				CURRENT_PROJECT_VERSION = 1;
				DEVELOPMENT_ASSET_PATHS = "\"windrider-ios/Preview Content\"";
				DEVELOPMENT_TEAM = 9USJYK4Z54;
				ENABLE_PREVIEWS = YES;
				GENERATE_INFOPLIST_FILE = YES;
				INFOPLIST_KEY_CFBundleDisplayName = WindRider;
				INFOPLIST_KEY_LSApplicationCategoryType = "public.app-category.weather";
				INFOPLIST_KEY_UIApplicationSceneManifest_Generation = YES;
				INFOPLIST_KEY_UIApplicationSupportsIndirectInputEvents = YES;
				INFOPLIST_KEY_UILaunchScreen_Generation = YES;
				INFOPLIST_KEY_UIStatusBarStyle = "";
				INFOPLIST_KEY_UISupportedInterfaceOrientations_iPad = "UIInterfaceOrientationPortrait UIInterfaceOrientationPortraitUpsideDown UIInterfaceOrientationLandscapeLeft UIInterfaceOrientationLandscapeRight";
				INFOPLIST_KEY_UISupportedInterfaceOrientations_iPhone = "UIInterfaceOrientationPortrait UIInterfaceOrientationLandscapeLeft UIInterfaceOrientationLandscapeRight";
				LD_RUNPATH_SEARCH_PATHS = (
					"$(inherited)",
					"@executable_path/Frameworks",
				);
				MARKETING_VERSION = 1.0;
				PRODUCT_BUNDLE_IDENTIFIER = "Daiigr.windrider-ios";
				PRODUCT_NAME = "$(TARGET_NAME)";
				SWIFT_EMIT_LOC_STRINGS = YES;
				SWIFT_VERSION = 5.0;
				TARGETED_DEVICE_FAMILY = "1,2";
			};
			name = Release;
		};
		653CDF0C2B909825000D4E8B /* Debug */ = {
			isa = XCBuildConfiguration;
			buildSettings = {
				ALWAYS_EMBED_SWIFT_STANDARD_LIBRARIES = YES;
				BUNDLE_LOADER = "$(TEST_HOST)";
				CODE_SIGN_STYLE = Automatic;
				CURRENT_PROJECT_VERSION = 1;
				DEVELOPMENT_TEAM = 9USJYK4Z54;
				GENERATE_INFOPLIST_FILE = YES;
				IPHONEOS_DEPLOYMENT_TARGET = 17.2;
				MARKETING_VERSION = 1.0;
				PRODUCT_BUNDLE_IDENTIFIER = "Daiigr.windrider-iosTests";
				PRODUCT_NAME = "$(TARGET_NAME)";
				SWIFT_EMIT_LOC_STRINGS = NO;
				SWIFT_VERSION = 5.0;
				TARGETED_DEVICE_FAMILY = "1,2";
				TEST_HOST = "$(BUILT_PRODUCTS_DIR)/windrider-ios.app/$(BUNDLE_EXECUTABLE_FOLDER_PATH)/windrider-ios";
			};
			name = Debug;
		};
		653CDF0D2B909825000D4E8B /* Release */ = {
			isa = XCBuildConfiguration;
			buildSettings = {
				ALWAYS_EMBED_SWIFT_STANDARD_LIBRARIES = YES;
				BUNDLE_LOADER = "$(TEST_HOST)";
				CODE_SIGN_STYLE = Automatic;
				CURRENT_PROJECT_VERSION = 1;
				DEVELOPMENT_TEAM = 9USJYK4Z54;
				GENERATE_INFOPLIST_FILE = YES;
				IPHONEOS_DEPLOYMENT_TARGET = 17.2;
				MARKETING_VERSION = 1.0;
				PRODUCT_BUNDLE_IDENTIFIER = "Daiigr.windrider-iosTests";
				PRODUCT_NAME = "$(TARGET_NAME)";
				SWIFT_EMIT_LOC_STRINGS = NO;
				SWIFT_VERSION = 5.0;
				TARGETED_DEVICE_FAMILY = "1,2";
				TEST_HOST = "$(BUILT_PRODUCTS_DIR)/windrider-ios.app/$(BUNDLE_EXECUTABLE_FOLDER_PATH)/windrider-ios";
			};
			name = Release;
		};
		653CDF0F2B909825000D4E8B /* Debug */ = {
			isa = XCBuildConfiguration;
			buildSettings = {
				ALWAYS_EMBED_SWIFT_STANDARD_LIBRARIES = YES;
				CODE_SIGN_STYLE = Automatic;
				CURRENT_PROJECT_VERSION = 1;
				DEVELOPMENT_TEAM = 9USJYK4Z54;
				GENERATE_INFOPLIST_FILE = YES;
				MARKETING_VERSION = 1.0;
				PRODUCT_BUNDLE_IDENTIFIER = "Daiigr.windrider-iosUITests";
				PRODUCT_NAME = "$(TARGET_NAME)";
				SWIFT_EMIT_LOC_STRINGS = NO;
				SWIFT_VERSION = 5.0;
				TARGETED_DEVICE_FAMILY = "1,2";
				TEST_TARGET_NAME = "windrider-ios";
			};
			name = Debug;
		};
		653CDF102B909825000D4E8B /* Release */ = {
			isa = XCBuildConfiguration;
			buildSettings = {
				ALWAYS_EMBED_SWIFT_STANDARD_LIBRARIES = YES;
				CODE_SIGN_STYLE = Automatic;
				CURRENT_PROJECT_VERSION = 1;
				DEVELOPMENT_TEAM = 9USJYK4Z54;
				GENERATE_INFOPLIST_FILE = YES;
				MARKETING_VERSION = 1.0;
				PRODUCT_BUNDLE_IDENTIFIER = "Daiigr.windrider-iosUITests";
				PRODUCT_NAME = "$(TARGET_NAME)";
				SWIFT_EMIT_LOC_STRINGS = NO;
				SWIFT_VERSION = 5.0;
				TARGETED_DEVICE_FAMILY = "1,2";
				TEST_TARGET_NAME = "windrider-ios";
			};
			name = Release;
		};
/* End XCBuildConfiguration section */

/* Begin XCConfigurationList section */
		653CDEDD2B909823000D4E8B /* Build configuration list for PBXProject "windrider-ios" */ = {
			isa = XCConfigurationList;
			buildConfigurations = (
				653CDF062B909825000D4E8B /* Debug */,
				653CDF072B909825000D4E8B /* Release */,
			);
			defaultConfigurationIsVisible = 0;
			defaultConfigurationName = Release;
		};
		653CDF082B909825000D4E8B /* Build configuration list for PBXNativeTarget "windrider-ios" */ = {
			isa = XCConfigurationList;
			buildConfigurations = (
				653CDF092B909825000D4E8B /* Debug */,
				653CDF0A2B909825000D4E8B /* Release */,
			);
			defaultConfigurationIsVisible = 0;
			defaultConfigurationName = Release;
		};
		653CDF0B2B909825000D4E8B /* Build configuration list for PBXNativeTarget "windrider-iosTests" */ = {
			isa = XCConfigurationList;
			buildConfigurations = (
				653CDF0C2B909825000D4E8B /* Debug */,
				653CDF0D2B909825000D4E8B /* Release */,
			);
			defaultConfigurationIsVisible = 0;
			defaultConfigurationName = Release;
		};
		653CDF0E2B909825000D4E8B /* Build configuration list for PBXNativeTarget "windrider-iosUITests" */ = {
			isa = XCConfigurationList;
			buildConfigurations = (
				653CDF0F2B909825000D4E8B /* Debug */,
				653CDF102B909825000D4E8B /* Release */,
			);
			defaultConfigurationIsVisible = 0;
			defaultConfigurationName = Release;
		};
/* End XCConfigurationList section */
	};
	rootObject = 653CDEDA2B909823000D4E8B /* Project object */;
}
